
Microsoft Visual Studio Solution File, Format Version 12.00
# Visual Studio Version 17
VisualStudioVersion = 17.8.34408.163
MinimumVisualStudioVersion = 10.0.40219.1
Project("{FAE04EC0-301F-11D3-BF4B-00C04F79EFBC}") = "creating classes", "creating classes\creating classes.csproj", "{C71B7B2A-1FFD-486C-B5E1-F303B603815E}"
EndProject
Global
	GlobalSection(SolutionConfigurationPlatforms) = preSolution
		Debug|Any CPU = Debug|Any CPU
		Release|Any CPU = Release|Any CPU
	EndGlobalSection
	GlobalSection(ProjectConfigurationPlatforms) = postSolution
		{C71B7B2A-1FFD-486C-B5E1-F303B603815E}.Debug|Any CPU.ActiveCfg = Debug|Any CPU
		{C71B7B2A-1FFD-486C-B5E1-F303B603815E}.Debug|Any CPU.Build.0 = Debug|Any CPU
		{C71B7B2A-1FFD-486C-B5E1-F303B603815E}.Release|Any CPU.ActiveCfg = Release|Any CPU
		{C71B7B2A-1FFD-486C-B5E1-F303B603815E}.Release|Any CPU.Build.0 = Release|Any CPU
	EndGlobalSection
	GlobalSection(SolutionProperties) = preSolution
		HideSolutionNode = FALSE
	EndGlobalSection
	GlobalSection(ExtensibilityGlobals) = postSolution
		SolutionGuid = {86C33666-5483-492E-99AC-B29935E4AFA8}
	EndGlobalSection
EndGlobal
