
Microsoft Visual Studio Solution File, Format Version 12.00
# Visual Studio Version 17
VisualStudioVersion = 17.8.34408.163
MinimumVisualStudioVersion = 10.0.40219.1
Project("{FAE04EC0-301F-11D3-BF4B-00C04F79EFBC}") = "Hellow World", "Hellow World\Hellow World.csproj", "{9B6F83A5-0667-4E15-B8D2-1EBFEB2E4A21}"
EndProject
Global
	GlobalSection(SolutionConfigurationPlatforms) = preSolution
		Debug|Any CPU = Debug|Any CPU
		Release|Any CPU = Release|Any CPU
	EndGlobalSection
	GlobalSection(ProjectConfigurationPlatforms) = postSolution
		{9B6F83A5-0667-4E15-B8D2-1EBFEB2E4A21}.Debug|Any CPU.ActiveCfg = Debug|Any CPU
		{9B6F83A5-0667-4E15-B8D2-1EBFEB2E4A21}.Debug|Any CPU.Build.0 = Debug|Any CPU
		{9B6F83A5-0667-4E15-B8D2-1EBFEB2E4A21}.Release|Any CPU.ActiveCfg = Release|Any CPU
		{9B6F83A5-0667-4E15-B8D2-1EBFEB2E4A21}.Release|Any CPU.Build.0 = Release|Any CPU
	EndGlobalSection
	GlobalSection(SolutionProperties) = preSolution
		HideSolutionNode = FALSE
	EndGlobalSection
	GlobalSection(ExtensibilityGlobals) = postSolution
		SolutionGuid = {60583F2B-DC0A-49A2-AE64-6A6587DD83D5}
	EndGlobalSection
EndGlobal
